lockfileVersion: 5.3

importers:

  .:
    specifiers:
      '@tsconfig/node16': ^1.0.2
      turbo: ^1.1.1
    devDependencies:
      '@tsconfig/node16': 1.0.2
      turbo: 1.2.4

  packages/model:
    specifiers: {}

  packages/mutator:
    specifiers: {}

  packages/persistor:
    specifiers: {}

packages:

  /@tsconfig/node16/1.0.2:
    resolution: {integrity: sha512-eZxlbI8GZscaGS7kkc/trHTT5xgrjH3/1n2JDwusC9iahPKWMRvRjJSAN5mCXviuTGQ/lHnhvv8Q1YTpnfz9gA==}
    dev: true

  /turbo-darwin-64/1.2.4:
    resolution: {integrity: sha512-fIseb9faJZdrJ2LXJAMZmSI5hV5MbHiRKIEnwt6pqk9+8HcJnsz3Rfo7uSNH07Qo64moXyoDHa0YFj00PH2Aeg==}
    cpu: [x64]
    os: [darwin]
    requiresBuild: true
    dev: true
    optional: true

  /turbo-darwin-arm64/1.2.4:
    resolution: {integrity: sha512-/iAKexDsoXLHeLpM71+MMHDL7x95++M1GSIVkME1MJyUwG0RMfjlciBG99ZCBlya39rJhc0ifSLhZVWUttTmJA==}
    cpu: [arm64]
    os: [darwin]
    requiresBuild: true
    dev: true
    optional: true

  /turbo-freebsd-64/1.2.4:
    resolution: {integrity: sha512-YULjq/JW8e2ax/McguL+yHmZxGdLXseKVIVWP1f2dhuF9ztAbGTaagdDnQ8atsqDO0gFsb3WiRo4+4X/NAbgvQ==}
    cpu: [x64]
    os: [freebsd]
    requiresBuild: true
    dev: true
    optional: true

  /turbo-freebsd-arm64/1.2.4:
    resolution: {integrity: sha512-GCi7soURYBOu7TOEeqAcShKzaOxuN0w60+2BejCKWYe2VtzRvM8ACGTNXRcle/r/9JICiyw3LpxvieJpqdSnOw==}
    cpu: [arm64]
    os: [freebsd]
    requiresBuild: true
    dev: true
    optional: true

  /turbo-linux-32/1.2.4:
    resolution: {integrity: sha512-9+Yyig9JWkDgLT7Y4L9LPH4ik0Tlb3E2ac2fJFI4shMp2ETcV1ehyjDXT/LzLTSkf4mGLsww+WYKtzXJNVThRg==}
    cpu: [ia32]
    os: [linux]
    requiresBuild: true
    dev: true
    optional: true

  /turbo-linux-64/1.2.4:
    resolution: {integrity: sha512-MDnDrfWrtK4BOWh2+a3nrkFacjtEy7sUZnnIhTqUM5FOKD8ISh8VTS3C16hi2BfAjCnZhqIrynbNH/P1YH6j3Q==}
    cpu: [x64]
    os: [linux]
    requiresBuild: true
    dev: true
    optional: true

  /turbo-linux-arm/1.2.4:
    resolution: {integrity: sha512-Vx2YIFhNqgz4L3Z7zKauPmhgA4QzEtUsjekN0HeEpkZkhWONbcF2gc2j9LTNzicLbI+RoiKrwJWt9qkydqU6mg==}
    cpu: [arm]
    os: [linux]
    requiresBuild: true
    dev: true
    optional: true

  /turbo-linux-arm64/1.2.4:
    resolution: {integrity: sha512-gs3mhARtzNBoEQn6S05mefYrmcKtWJexwnDQiQZ8fXIkAE9IqvIWNk7S+MyixQH/11jwUqFPtRsn1yQWbvZDhQ==}
    cpu: [arm64]
    os: [linux]
    requiresBuild: true
    dev: true
    optional: true

  /turbo-linux-mips64le/1.2.4:
    resolution: {integrity: sha512-99k9FbOJBbIjhoUOE4uOioh65kZI0VHZzf3JlhpYo3j9r+KGhu7aYTbbvd7j1qQ9o5vToic5vc3OkOm2LKgvig==}
    cpu: [mips64el]
    os: [linux]
    requiresBuild: true
    dev: true
    optional: true

  /turbo-linux-ppc64le/1.2.4:
    resolution: {integrity: sha512-M+/sBWQ4UXVplSt5/pIvIRBT6NfEOVFvcOpbzWNjAhLE0vE/ZYeU07S/HjRZd6PMiodT61UyC7BwDQOa2pDOQg==}
    cpu: [ppc64]
    os: [linux]
    requiresBuild: true
    dev: true
    optional: true

  /turbo-windows-32/1.2.4:
    resolution: {integrity: sha512-Y2R5ZmOHOTgr/pAQAVY39BpRDMRCjyaeLxwIAIkvyNSBpkU/TtnJZXMlt2so42Qv9Jren1mlvxm+g1nb0zAQQg==}
    cpu: [ia32]
    os: [win32]
    requiresBuild: true
    dev: true
    optional: true

  /turbo-windows-64/1.2.4:
    resolution: {integrity: sha512-F8tapVNGeWXdNSFJDybOSNWxmi6xF59oZIP7+c043D/IBvkIGTQG449QD9EdUtSq8pe20zM95VKmW9mUjqHYPQ==}
    cpu: [x64]
    os: [win32]
    requiresBuild: true
    dev: true
    optional: true

  /turbo/1.2.4:
    resolution: {integrity: sha512-3MPu+uvaKvmW5R0JncX8TJRli/5Z5Mz/H260oCfmGlEuVdvdn7Gf6ZefDnYiuDe5ofltq78SL0LTIAqLYbUmiw==}
    hasBin: true
    requiresBuild: true
    optionalDependencies:
      turbo-darwin-64: 1.2.4
      turbo-darwin-arm64: 1.2.4
      turbo-freebsd-64: 1.2.4
      turbo-freebsd-arm64: 1.2.4
      turbo-linux-32: 1.2.4
      turbo-linux-64: 1.2.4
      turbo-linux-arm: 1.2.4
      turbo-linux-arm64: 1.2.4
      turbo-linux-mips64le: 1.2.4
      turbo-linux-ppc64le: 1.2.4
      turbo-windows-32: 1.2.4
      turbo-windows-64: 1.2.4
    dev: true
